
Microsoft Visual Studio Solution File, Format Version 12.00
Project("{FAE04EC0-301F-11D3-BF4B-00C04F79EFBC}") = "Lab4", "Lab4\Lab4.csproj", "{58843406-E087-4A99-B531-849B1612EA98}"
EndProject
Global
	GlobalSection(SolutionConfigurationPlatforms) = preSolution
		Debug|Any CPU = Debug|Any CPU
		Release|Any CPU = Release|Any CPU
	EndGlobalSection
	GlobalSection(ProjectConfigurationPlatforms) = postSolution
		{58843406-E087-4A99-B531-849B1612EA98}.Debug|Any CPU.ActiveCfg = Debug|Any CPU
		{58843406-E087-4A99-B531-849B1612EA98}.Debug|Any CPU.Build.0 = Debug|Any CPU
		{58843406-E087-4A99-B531-849B1612EA98}.Release|Any CPU.ActiveCfg = Release|Any CPU
		{58843406-E087-4A99-B531-849B1612EA98}.Release|Any CPU.Build.0 = Release|Any CPU
	EndGlobalSection
EndGlobal
