
Microsoft Visual Studio Solution File, Format Version 12.00
Project("{2150E333-8FDC-42A3-9474-1A3956D46DE8}") = "Src", "Src", "{9B40DB8A-1F16-44A4-9AD0-03E43EBE0965}"
EndProject
Project("{2150E333-8FDC-42A3-9474-1A3956D46DE8}") = "Common", "Common", "{34443FC7-6E45-4BF3-A274-2774D59D9D13}"
EndProject
Project("{2150E333-8FDC-42A3-9474-1A3956D46DE8}") = "Core", "Core", "{ECB8B47D-1838-46D1-A687-F59300763FC8}"
EndProject
Project("{2150E333-8FDC-42A3-9474-1A3956D46DE8}") = "Infrastructure", "Infrastructure", "{E23A6B52-BB51-4D81-B8E7-3894EB0D4AA2}"
EndProject
Project("{2150E333-8FDC-42A3-9474-1A3956D46DE8}") = "Presentation", "Presentation", "{65BCEA2F-70AB-479F-95BC-9B9B5906EC8C}"
EndProject
Project("{FAE04EC0-301F-11D3-BF4B-00C04F79EFBC}") = "DemoLab5.Domain", "DemoLab5.Domain\DemoLab5.Domain.csproj", "{BE9C8448-C404-4394-92AD-8F22240FA656}"
EndProject
Project("{FAE04EC0-301F-11D3-BF4B-00C04F79EFBC}") = "DemoLab5.Infrastructure", "DemoLab5.Infrastructure\DemoLab5.Infrastructure.csproj", "{8AFCC5DB-8821-41DF-9B9F-6447A54A9931}"
EndProject
Project("{FAE04EC0-301F-11D3-BF4B-00C04F79EFBC}") = "DemoLab5.Common", "DemoLab5.Common\DemoLab5.Common.csproj", "{F666AB8D-B02A-434E-8CF5-C1C37BF06EE7}"
EndProject
Project("{FAE04EC0-301F-11D3-BF4B-00C04F79EFBC}") = "DemoLab5.API", "DemoLab5.API\DemoLab5.API.csproj", "{F85F41B7-3BF4-48F7-A862-2279BBBDB699}"
EndProject
Project("{FAE04EC0-301F-11D3-BF4B-00C04F79EFBC}") = "DemoLab5.Application", "DemoLab5.Application\DemoLab5.Application.csproj", "{477F972F-E11E-4FF3-AFC6-0469A3CACF99}"
EndProject
Project("{FAE04EC0-301F-11D3-BF4B-00C04F79EFBC}") = "DemoLab5.Persistence", "DemoLab5.Persistence\DemoLab5.Persistence.csproj", "{01B8C05B-18F3-4505-9A89-FB1F7BAC6DEC}"
EndProject
Global
	GlobalSection(SolutionConfigurationPlatforms) = preSolution
		Debug|Any CPU = Debug|Any CPU
		Release|Any CPU = Release|Any CPU
	EndGlobalSection
	GlobalSection(NestedProjects) = preSolution
		{34443FC7-6E45-4BF3-A274-2774D59D9D13} = {9B40DB8A-1F16-44A4-9AD0-03E43EBE0965}
		{ECB8B47D-1838-46D1-A687-F59300763FC8} = {9B40DB8A-1F16-44A4-9AD0-03E43EBE0965}
		{E23A6B52-BB51-4D81-B8E7-3894EB0D4AA2} = {9B40DB8A-1F16-44A4-9AD0-03E43EBE0965}
		{65BCEA2F-70AB-479F-95BC-9B9B5906EC8C} = {9B40DB8A-1F16-44A4-9AD0-03E43EBE0965}
		{BE9C8448-C404-4394-92AD-8F22240FA656} = {ECB8B47D-1838-46D1-A687-F59300763FC8}
		{8AFCC5DB-8821-41DF-9B9F-6447A54A9931} = {E23A6B52-BB51-4D81-B8E7-3894EB0D4AA2}
		{F666AB8D-B02A-434E-8CF5-C1C37BF06EE7} = {34443FC7-6E45-4BF3-A274-2774D59D9D13}
		{F85F41B7-3BF4-48F7-A862-2279BBBDB699} = {65BCEA2F-70AB-479F-95BC-9B9B5906EC8C}
		{477F972F-E11E-4FF3-AFC6-0469A3CACF99} = {ECB8B47D-1838-46D1-A687-F59300763FC8}
		{01B8C05B-18F3-4505-9A89-FB1F7BAC6DEC} = {E23A6B52-BB51-4D81-B8E7-3894EB0D4AA2}
	EndGlobalSection
	GlobalSection(ProjectConfigurationPlatforms) = postSolution
		{BE9C8448-C404-4394-92AD-8F22240FA656}.Debug|Any CPU.ActiveCfg = Debug|Any CPU
		{BE9C8448-C404-4394-92AD-8F22240FA656}.Debug|Any CPU.Build.0 = Debug|Any CPU
		{BE9C8448-C404-4394-92AD-8F22240FA656}.Release|Any CPU.ActiveCfg = Release|Any CPU
		{BE9C8448-C404-4394-92AD-8F22240FA656}.Release|Any CPU.Build.0 = Release|Any CPU
		{8AFCC5DB-8821-41DF-9B9F-6447A54A9931}.Debug|Any CPU.ActiveCfg = Debug|Any CPU
		{8AFCC5DB-8821-41DF-9B9F-6447A54A9931}.Debug|Any CPU.Build.0 = Debug|Any CPU
		{8AFCC5DB-8821-41DF-9B9F-6447A54A9931}.Release|Any CPU.ActiveCfg = Release|Any CPU
		{8AFCC5DB-8821-41DF-9B9F-6447A54A9931}.Release|Any CPU.Build.0 = Release|Any CPU
		{F666AB8D-B02A-434E-8CF5-C1C37BF06EE7}.Debug|Any CPU.ActiveCfg = Debug|Any CPU
		{F666AB8D-B02A-434E-8CF5-C1C37BF06EE7}.Debug|Any CPU.Build.0 = Debug|Any CPU
		{F666AB8D-B02A-434E-8CF5-C1C37BF06EE7}.Release|Any CPU.ActiveCfg = Release|Any CPU
		{F666AB8D-B02A-434E-8CF5-C1C37BF06EE7}.Release|Any CPU.Build.0 = Release|Any CPU
		{F85F41B7-3BF4-48F7-A862-2279BBBDB699}.Debug|Any CPU.ActiveCfg = Debug|Any CPU
		{F85F41B7-3BF4-48F7-A862-2279BBBDB699}.Debug|Any CPU.Build.0 = Debug|Any CPU
		{F85F41B7-3BF4-48F7-A862-2279BBBDB699}.Release|Any CPU.ActiveCfg = Release|Any CPU
		{F85F41B7-3BF4-48F7-A862-2279BBBDB699}.Release|Any CPU.Build.0 = Release|Any CPU
		{477F972F-E11E-4FF3-AFC6-0469A3CACF99}.Debug|Any CPU.ActiveCfg = Debug|Any CPU
		{477F972F-E11E-4FF3-AFC6-0469A3CACF99}.Debug|Any CPU.Build.0 = Debug|Any CPU
		{477F972F-E11E-4FF3-AFC6-0469A3CACF99}.Release|Any CPU.ActiveCfg = Release|Any CPU
		{477F972F-E11E-4FF3-AFC6-0469A3CACF99}.Release|Any CPU.Build.0 = Release|Any CPU
		{01B8C05B-18F3-4505-9A89-FB1F7BAC6DEC}.Debug|Any CPU.ActiveCfg = Debug|Any CPU
		{01B8C05B-18F3-4505-9A89-FB1F7BAC6DEC}.Debug|Any CPU.Build.0 = Debug|Any CPU
		{01B8C05B-18F3-4505-9A89-FB1F7BAC6DEC}.Release|Any CPU.ActiveCfg = Release|Any CPU
		{01B8C05B-18F3-4505-9A89-FB1F7BAC6DEC}.Release|Any CPU.Build.0 = Release|Any CPU
	EndGlobalSection
EndGlobal
